// !$*UTF8*$!
{
	archiveVersion = 1;
	classes = {
	};
	objectVersion = 56;
	objects = {

/* Begin PBXBuildFile section */
		C24A00292F85FFD8FA45D77B /* SaveFile.swift in Sources */ = {isa = PBXBuildFile; fileRef = C24A0CC2EED81F1A9E1D2C2D /* SaveFile.swift */; };
		C24A0078AF0CD1DAB67610A6 /* VLCError.swift in Sources */ = {isa = PBXBuildFile; fileRef = C24A004A50AC9F7550216367 /* VLCError.swift */; };
		C24A00DC1066E5B6E4164C16 /* URL+CreateFile.swift in Sources */ = {isa = PBXBuildFile; fileRef = C24A040D227ED59F1BB49475 /* URL+CreateFile.swift */; };
		C24A010006634FA3FE33AC6C /* ScanStore.swift in Sources */ = {isa = PBXBuildFile; fileRef = C24A0132A071D53CD524F63F /* ScanStore.swift */; };
		C24A02083FFF97749925E6A3 /* AgentStateType.swift in Sources */ = {isa = PBXBuildFile; fileRef = C24A03F1447F28353E2C4E18 /* AgentStateType.swift */; };
		C24A021E9AE682C04D58C27B /* SampleProxy.swift in Sources */ = {isa = PBXBuildFile; fileRef = C24A087D85D9AB65014D9120 /* SampleProxy.swift */; };
		C24A02B914229B03580CE0AB /* AgentState.swift in Sources */ = {isa = PBXBuildFile; fileRef = C24A0777F3B898877D981547 /* AgentState.swift */; };
		C24A02B98EF1779031199AE4 /* String+Truncated.swift in Sources */ = {isa = PBXBuildFile; fileRef = C24A0709263C4C519CFB02F6 /* String+Truncated.swift */; };
		C24A02DEFA6BE8B344DC3889 /* URLSession+SyncTask.swift in Sources */ = {isa = PBXBuildFile; fileRef = C24A0A099D9D0ED6E7734EEA /* URLSession+SyncTask.swift */; };
		C24A03E7C53D2E28B1925BDA /* SkipSessionStatus.swift in Sources */ = {isa = PBXBuildFile; fileRef = C24A06FF198B3B7FDB31A7DB /* SkipSessionStatus.swift */; };
		C24A041EAB0C33ADA4727F38 /* VLCShell.swift in Sources */ = {isa = PBXBuildFile; fileRef = C24A0FC8B5AA4C5EA082601B /* VLCShell.swift */; };
		C24A0471EF05616A94992E33 /* String+DecodeHTML.swift in Sources */ = {isa = PBXBuildFile; fileRef = C24A08CB48E7057A5F5B799F /* String+DecodeHTML.swift */; };
		C24A048C2C890A38CAE9E64D /* ScanViewModel.swift in Sources */ = {isa = PBXBuildFile; fileRef = C24A02F4E211C6E984F78B02 /* ScanViewModel.swift */; };
		C24A049A79569F5CE7B06021 /* VLCError+Description.swift in Sources */ = {isa = PBXBuildFile; fileRef = C24A07D16DA8FDD461D9EC7D /* VLCError+Description.swift */; };
		C24A049B927B0A3D55AC62BD /* VLCError.swift in Sources */ = {isa = PBXBuildFile; fileRef = C24A004A50AC9F7550216367 /* VLCError.swift */; };
		C24A04C60B6BC79FC1A132AC /* SkipConfig.swift in Sources */ = {isa = PBXBuildFile; fileRef = C24A05B6F07EAB9C1885259C /* SkipConfig.swift */; };
		C24A04DE51DAA625CA8B1491 /* SkipStatus.swift in Sources */ = {isa = PBXBuildFile; fileRef = C24A06D7BEE3DFB46D0A0E71 /* SkipStatus.swift */; };
		C24A04E4B98A0553554E4D12 /* SampleType.swift in Sources */ = {isa = PBXBuildFile; fileRef = C24A058953D06A1BC9346945 /* SampleType.swift */; };
		C24A053CFD6F1B4199A78E26 /* AppError.swift in Sources */ = {isa = PBXBuildFile; fileRef = C24A06F935446ABAA9DD3E87 /* AppError.swift */; };
		C24A0557FE11AE785373A99B /* UserDefault.swift in Sources */ = {isa = PBXBuildFile; fileRef = C24A0F88C8B3C741793FCC39 /* UserDefault.swift */; };
		C24A055CFE744A8F6308647E /* SettingsKey.swift in Sources */ = {isa = PBXBuildFile; fileRef = C24A0EFF251A844D0F14C75C /* SettingsKey.swift */; };
		C24A058D809A07A80F9C51D9 /* Data+Bytes.swift in Sources */ = {isa = PBXBuildFile; fileRef = C24A0B890C913BE5AAC8BB98 /* Data+Bytes.swift */; };
		C24A05C1EEE68B552ADE7E85 /* View+OnlyCloseButton.swift in Sources */ = {isa = PBXBuildFile; fileRef = C24A028ADF1826C0F15A1026 /* View+OnlyCloseButton.swift */; };
		C24A06063C93BBD93CB37134 /* String+DecodeHTML.swift in Sources */ = {isa = PBXBuildFile; fileRef = C24A08CB48E7057A5F5B799F /* String+DecodeHTML.swift */; };
		C24A06C49AB1B58B392DF11B /* SavesServiceError.swift in Sources */ = {isa = PBXBuildFile; fileRef = C24A0B06C9C5D3341A4F0012 /* SavesServiceError.swift */; };
		C24A06D2FE5C269C93985435 /* FilePickerMode.swift in Sources */ = {isa = PBXBuildFile; fileRef = C24A02005EF47D0B4C7F7388 /* FilePickerMode.swift */; };
		C24A06F554926697602A29A3 /* Sample.swift in Sources */ = {isa = PBXBuildFile; fileRef = C24A0C1790CE29E7E4308211 /* Sample.swift */; };
		C24A0779FB6D35BD06C38A04 /* String+Base64.swift in Sources */ = {isa = PBXBuildFile; fileRef = C24A0112A518E012A927E8AE /* String+Base64.swift */; };
		C24A07A24F24A41B24FE7E99 /* NSImage+MenuBarConfiguration.swift in Sources */ = {isa = PBXBuildFile; fileRef = C24A0F2D672651A8C6AC359C /* NSImage+MenuBarConfiguration.swift */; };
		C24A084223EA6E4886C35ADA /* SkipSessionStatus.swift in Sources */ = {isa = PBXBuildFile; fileRef = C24A06FF198B3B7FDB31A7DB /* SkipSessionStatus.swift */; };
		C24A0878FC75295F1C40A213 /* SettingsError.swift in Sources */ = {isa = PBXBuildFile; fileRef = C24A055F29385C58CA898CBD /* SettingsError.swift */; };
		C24A08BC8F4F0015E2BDB3BB /* VLCServiceError.swift in Sources */ = {isa = PBXBuildFile; fileRef = C24A0FF85895EE37D26C3F2E /* VLCServiceError.swift */; };
		C24A08DD9AC10FAABF36CC2B /* APP.swift in Sources */ = {isa = PBXBuildFile; fileRef = C24A03C11831CD3E0D3720CA /* APP.swift */; };
		C24A09140282572A90CF0203 /* SMAppService+Status.swift in Sources */ = {isa = PBXBuildFile; fileRef = C24A0DDB8C71DAC6778183EB /* SMAppService+Status.swift */; };
		C24A09340F5B947A10C50F49 /* FFMPEGService.swift in Sources */ = {isa = PBXBuildFile; fileRef = C24A01DCC77F4C4261F0407A /* FFMPEGService.swift */; };
		C24A0993D10589964FF8582F /* ScanMode.swift in Sources */ = {isa = PBXBuildFile; fileRef = C24A0FC84BE08AF81C422724 /* ScanMode.swift */; };
		C24A09B1F6C2DBDCA5F64359 /* SkipConfig.swift in Sources */ = {isa = PBXBuildFile; fileRef = C24A05B6F07EAB9C1885259C /* SkipConfig.swift */; };
		C24A0B08ABDF53D987A7B1EE /* Chapter.swift in Sources */ = {isa = PBXBuildFile; fileRef = C24A0B67DA624E516362A0B3 /* Chapter.swift */; };
		C24A0B191C41DEEA9DA2D819 /* SampleServiceError.swift in Sources */ = {isa = PBXBuildFile; fileRef = C24A070501BCA97ED4101408 /* SampleServiceError.swift */; };
		C24A0B3533275692B90F9695 /* VLCApi.swift in Sources */ = {isa = PBXBuildFile; fileRef = C24A0D3EFDCB51AAEF25D286 /* VLCApi.swift */; };
		C24A0B4722E6188882129C82 /* AppViewModel.swift in Sources */ = {isa = PBXBuildFile; fileRef = C24A0340E9EA37DDB848C316 /* AppViewModel.swift */; };
		C24A0B873B39060093F2368D /* SampleService.swift in Sources */ = {isa = PBXBuildFile; fileRef = C24A07125ABA0A16D73F331F /* SampleService.swift */; };
		C24A0BF4B8E083E6CBD3A3C5 /* ChapterEncoded.swift in Sources */ = {isa = PBXBuildFile; fileRef = C24A03427DFFE614E45E4E76 /* ChapterEncoded.swift */; };
		C24A0C057CDB6F4BA5C39D81 /* VLCShell.swift in Sources */ = {isa = PBXBuildFile; fileRef = C24A0FC8B5AA4C5EA082601B /* VLCShell.swift */; };
		C24A0C467875F7FA2925EA9D /* ChapterStore.swift in Sources */ = {isa = PBXBuildFile; fileRef = C24A09B60DBC11E61317CC6F /* ChapterStore.swift */; };
		C24A0C617325FBFDC5B053EB /* SamplesError.swift in Sources */ = {isa = PBXBuildFile; fileRef = C24A07C840F26E1DEAB05418 /* SamplesError.swift */; };
		C24A0C716FB98D4AB507C2C7 /* FFMPEGServiceError.swift in Sources */ = {isa = PBXBuildFile; fileRef = C24A0C8425C9240A50C56854 /* FFMPEGServiceError.swift */; };
		C24A0C83672C5C2D829AC9AA /* SettingsViewModel.swift in Sources */ = {isa = PBXBuildFile; fileRef = C24A06F56749B01BA413485F /* SettingsViewModel.swift */; };
		C24A0C84F0F7D5BFAE360277 /* ShellService.swift in Sources */ = {isa = PBXBuildFile; fileRef = C24A09C939354F4D1398E1B1 /* ShellService.swift */; };
		C24A0CBCEC77BBF4D4C56CB9 /* Sequence+Async.swift in Sources */ = {isa = PBXBuildFile; fileRef = C24A0AC9B01481D2881B6E8F /* Sequence+Async.swift */; };
		C24A0CD2DDD7BC8FAF0895FA /* String+ReplaceLastOccurrence.swift in Sources */ = {isa = PBXBuildFile; fileRef = C24A0AC6B4F31458E4CFE1F8 /* String+ReplaceLastOccurrence.swift */; };
		C24A0D03B65A8AC28B8F0AD6 /* ScanError.swift in Sources */ = {isa = PBXBuildFile; fileRef = C24A06A2CF9F0D45AB68410F /* ScanError.swift */; };
		C24A0D88D3D56870011EA7D9 /* ConfigEntry.swift in Sources */ = {isa = PBXBuildFile; fileRef = C24A0BBA2EC084EAA765D99F /* ConfigEntry.swift */; };
		C24A0DADB99E6DF8F199A2E3 /* SampleError.swift in Sources */ = {isa = PBXBuildFile; fileRef = C24A0601B5F4FEB031DE4A3B /* SampleError.swift */; };
		C24A0DBC1A40C313005ACDE6 /* SampleStore.swift in Sources */ = {isa = PBXBuildFile; fileRef = C24A0CBE7E4CCF06910DBED1 /* SampleStore.swift */; };
		C24A0DC402A0B191FD0EAED9 /* VLCService.swift in Sources */ = {isa = PBXBuildFile; fileRef = C24A0456C8DD1ACFB4ED747D /* VLCService.swift */; };
		C24A0DFD57CACC407FFFD899 /* SaveFileStore.swift in Sources */ = {isa = PBXBuildFile; fileRef = C24A0F0D6721CC9CCC7862CD /* SaveFileStore.swift */; };
		C24A0E1E8E206D7253E9F4B0 /* ScanStatus.swift in Sources */ = {isa = PBXBuildFile; fileRef = C24A0B413878839B92DB1453 /* ScanStatus.swift */; };
		C24A0E28C18ABFF675F08AFC /* URL+Create.swift in Sources */ = {isa = PBXBuildFile; fileRef = C24A02581033FC1FEAA6212F /* URL+Create.swift */; };
		C24A0E3C6A52EE96D8F391F5 /* ChapterService.swift in Sources */ = {isa = PBXBuildFile; fileRef = C24A06C74E6BC20A3A376114 /* ChapterService.swift */; };
		C24A0E621509843FB771F126 /* SamplesViewModel.swift in Sources */ = {isa = PBXBuildFile; fileRef = C24A0113A90DC0ABAF0110F9 /* SamplesViewModel.swift */; };
		C24A0F9CFEDE74AF2D8DDC7D /* AppWindowType.swift in Sources */ = {isa = PBXBuildFile; fileRef = C24A00F30EBCF9BC0F9410A5 /* AppWindowType.swift */; };
		C24A0FFD887A243435333E3C /* PickerSelectable.swift in Sources */ = {isa = PBXBuildFile; fileRef = C24A031D0AD16AC2AADCA534 /* PickerSelectable.swift */; };
		D10972C42A48A368004905C9 /* SaveFileService.swift in Sources */ = {isa = PBXBuildFile; fileRef = D10972C32A48A368004905C9 /* SaveFileService.swift */; };
		D1302ECC29C62D3E005D4A10 /* VSkipperApp.swift in Sources */ = {isa = PBXBuildFile; fileRef = D1302ECB29C62D3E005D4A10 /* VSkipperApp.swift */; };
		D1302ED029C62D40005D4A10 /* Assets.xcassets in Resources */ = {isa = PBXBuildFile; fileRef = D1302ECF29C62D40005D4A10 /* Assets.xcassets */; };
		D1302ED329C62D40005D4A10 /* Preview Assets.xcassets in Resources */ = {isa = PBXBuildFile; fileRef = D1302ED229C62D40005D4A10 /* Preview Assets.xcassets */; };
		D1302EF429C633BA005D4A10 /* main.swift in Sources */ = {isa = PBXBuildFile; fileRef = D1302EF329C633BA005D4A10 /* main.swift */; };
		D1302EF829C633FD005D4A10 /* VSkipperAgent in Embed Helper Tools */ = {isa = PBXBuildFile; fileRef = D1302EF129C633BA005D4A10 /* VSkipperAgent */; settings = {ATTRIBUTES = (CodeSignOnCopy, ); }; };
		D1302EFD29C67E5A005D4A10 /* MenuBarView.swift in Sources */ = {isa = PBXBuildFile; fileRef = D1302EFC29C67E5A005D4A10 /* MenuBarView.swift */; };
		D1302EFF29C68E93005D4A10 /* SettingsView.swift in Sources */ = {isa = PBXBuildFile; fileRef = D1302EFE29C68E93005D4A10 /* SettingsView.swift */; };
		D1302F0E29C73C14005D4A10 /* VLCApi.swift in Sources */ = {isa = PBXBuildFile; fileRef = C24A0D3EFDCB51AAEF25D286 /* VLCApi.swift */; };
		D1302F1129C73C48005D4A10 /* XMLCoder in Frameworks */ = {isa = PBXBuildFile; productRef = D1302F1029C73C48005D4A10 /* XMLCoder */; };
		D1302F1429C73C5B005D4A10 /* XMLCoder in Frameworks */ = {isa = PBXBuildFile; productRef = D1302F1329C73C5B005D4A10 /* XMLCoder */; };
		D1302F1529C74F91005D4A10 /* String+Base64.swift in Sources */ = {isa = PBXBuildFile; fileRef = C24A0112A518E012A927E8AE /* String+Base64.swift */; };
		D1302F1629C74F91005D4A10 /* VLCError+Description.swift in Sources */ = {isa = PBXBuildFile; fileRef = C24A07D16DA8FDD461D9EC7D /* VLCError+Description.swift */; };
		D1302F1729C74F91005D4A10 /* URLSession+SyncTask.swift in Sources */ = {isa = PBXBuildFile; fileRef = C24A0A099D9D0ED6E7734EEA /* URLSession+SyncTask.swift */; };
		D13496A929CD447A00D1076E /* ServerCallback.m in Sources */ = {isa = PBXBuildFile; fileRef = D13496A829CD447A00D1076E /* ServerCallback.m */; };
		D13496AC29CD44C000D1076E /* Server.swift in Sources */ = {isa = PBXBuildFile; fileRef = D13496AB29CD44C000D1076E /* Server.swift */; };
		D13F9AEE29F6AC5C00DF8744 /* SamplesListView.swift in Sources */ = {isa = PBXBuildFile; fileRef = D13F9AED29F6AC5C00DF8744 /* SamplesListView.swift */; };
		D161D9252A067731002B9099 /* ChaptersView.swift in Sources */ = {isa = PBXBuildFile; fileRef = D161D9242A067731002B9099 /* ChaptersView.swift */; };
		D177C5E429C77C33007453EC /* SamplesView.swift in Sources */ = {isa = PBXBuildFile; fileRef = D177C5E329C77C33007453EC /* SamplesView.swift */; };
		D177C5E729C77CB9007453EC /* ChromaSwift in Frameworks */ = {isa = PBXBuildFile; productRef = D177C5E629C77CB9007453EC /* ChromaSwift */; };
		D177C5EA29C7A5BC007453EC /* TextWithPopover.swift in Sources */ = {isa = PBXBuildFile; fileRef = D177C5E929C7A5BC007453EC /* TextWithPopover.swift */; };
		D1DAE62529C8081D00801796 /* ScanView.swift in Sources */ = {isa = PBXBuildFile; fileRef = D1DAE62429C8081D00801796 /* ScanView.swift */; };
		D1DAE62729C8889900801796 /* FixedPicker.swift in Sources */ = {isa = PBXBuildFile; fileRef = D1DAE62629C8889900801796 /* FixedPicker.swift */; };
		D1DAE62929C8A05E00801796 /* FilePicker.swift in Sources */ = {isa = PBXBuildFile; fileRef = D1DAE62829C8A05E00801796 /* FilePicker.swift */; };
		D1DAE62B29C8B0F000801796 /* ScanViewProgressInfo.swift in Sources */ = {isa = PBXBuildFile; fileRef = D1DAE62A29C8B0F000801796 /* ScanViewProgressInfo.swift */; };
		D1DAE62D29C8CE2600801796 /* SkipView.swift in Sources */ = {isa = PBXBuildFile; fileRef = D1DAE62C29C8CE2600801796 /* SkipView.swift */; };
		D1E96E4A29C93369001B62C3 /* io.yokata.VSkipperAgent.plist in Copy Helper Plist */ = {isa = PBXBuildFile; fileRef = D1302EE629C62F8F005D4A10 /* io.yokata.VSkipperAgent.plist */; settings = {ATTRIBUTES = (CodeSignOnCopy, ); }; };
/* End PBXBuildFile section */

/* Begin PBXCopyFilesBuildPhase section */
		D1302EE829C62FB8005D4A10 /* Copy Helper Plist */ = {
			isa = PBXCopyFilesBuildPhase;
			buildActionMask = 2147483647;
			dstPath = VSkipper.app/Contents/Library/LaunchAgents;
			dstSubfolderSpec = 16;
			files = (
				D1E96E4A29C93369001B62C3 /* io.yokata.VSkipperAgent.plist in Copy Helper Plist */,
			);
			name = "Copy Helper Plist";
			runOnlyForDeploymentPostprocessing = 0;
		};
		D1302EEA29C63030005D4A10 /* Embed Helper Tools */ = {
			isa = PBXCopyFilesBuildPhase;
			buildActionMask = 2147483647;
			dstPath = "";
			dstSubfolderSpec = 6;
			files = (
				D1302EF829C633FD005D4A10 /* VSkipperAgent in Embed Helper Tools */,
			);
			name = "Embed Helper Tools";
			runOnlyForDeploymentPostprocessing = 0;
		};
		D1302EEF29C633BA005D4A10 /* CopyFiles */ = {
			isa = PBXCopyFilesBuildPhase;
			buildActionMask = 2147483647;
			dstPath = /usr/share/man/man1/;
			dstSubfolderSpec = 0;
			files = (
			);
			runOnlyForDeploymentPostprocessing = 1;
		};
/* End PBXCopyFilesBuildPhase section */

/* Begin PBXFileReference section */
		C24A004A50AC9F7550216367 /* VLCError.swift */ = {isa = PBXFileReference; fileEncoding = 4; lastKnownFileType = sourcecode.swift; path = VLCError.swift; sourceTree = "<group>"; };
		C24A00F30EBCF9BC0F9410A5 /* AppWindowType.swift */ = {isa = PBXFileReference; fileEncoding = 4; lastKnownFileType = sourcecode.swift; path = AppWindowType.swift; sourceTree = "<group>"; };
		C24A0112A518E012A927E8AE /* String+Base64.swift */ = {isa = PBXFileReference; fileEncoding = 4; lastKnownFileType = sourcecode.swift; path = "String+Base64.swift"; sourceTree = "<group>"; };
		C24A0113A90DC0ABAF0110F9 /* SamplesViewModel.swift */ = {isa = PBXFileReference; fileEncoding = 4; lastKnownFileType = sourcecode.swift; path = SamplesViewModel.swift; sourceTree = "<group>"; };
		C24A0132A071D53CD524F63F /* ScanStore.swift */ = {isa = PBXFileReference; fileEncoding = 4; lastKnownFileType = sourcecode.swift; path = ScanStore.swift; sourceTree = "<group>"; };
		C24A01DCC77F4C4261F0407A /* FFMPEGService.swift */ = {isa = PBXFileReference; fileEncoding = 4; lastKnownFileType = sourcecode.swift; path = FFMPEGService.swift; sourceTree = "<group>"; };
		C24A02005EF47D0B4C7F7388 /* FilePickerMode.swift */ = {isa = PBXFileReference; fileEncoding = 4; lastKnownFileType = sourcecode.swift; path = FilePickerMode.swift; sourceTree = "<group>"; };
		C24A02581033FC1FEAA6212F /* URL+Create.swift */ = {isa = PBXFileReference; fileEncoding = 4; lastKnownFileType = sourcecode.swift; path = "URL+Create.swift"; sourceTree = "<group>"; };
		C24A028ADF1826C0F15A1026 /* View+OnlyCloseButton.swift */ = {isa = PBXFileReference; fileEncoding = 4; lastKnownFileType = sourcecode.swift; path = "View+OnlyCloseButton.swift"; sourceTree = "<group>"; };
		C24A02F4E211C6E984F78B02 /* ScanViewModel.swift */ = {isa = PBXFileReference; fileEncoding = 4; lastKnownFileType = sourcecode.swift; path = ScanViewModel.swift; sourceTree = "<group>"; };
		C24A031D0AD16AC2AADCA534 /* PickerSelectable.swift */ = {isa = PBXFileReference; fileEncoding = 4; lastKnownFileType = sourcecode.swift; path = PickerSelectable.swift; sourceTree = "<group>"; };
		C24A0340E9EA37DDB848C316 /* AppViewModel.swift */ = {isa = PBXFileReference; fileEncoding = 4; lastKnownFileType = sourcecode.swift; path = AppViewModel.swift; sourceTree = "<group>"; };
		C24A03427DFFE614E45E4E76 /* ChapterEncoded.swift */ = {isa = PBXFileReference; fileEncoding = 4; lastKnownFileType = sourcecode.swift; path = ChapterEncoded.swift; sourceTree = "<group>"; };
		C24A03C11831CD3E0D3720CA /* APP.swift */ = {isa = PBXFileReference; fileEncoding = 4; lastKnownFileType = sourcecode.swift; path = APP.swift; sourceTree = "<group>"; };
		C24A03F1447F28353E2C4E18 /* AgentStateType.swift */ = {isa = PBXFileReference; fileEncoding = 4; lastKnownFileType = sourcecode.swift; path = AgentStateType.swift; sourceTree = "<group>"; };
		C24A040D227ED59F1BB49475 /* URL+CreateFile.swift */ = {isa = PBXFileReference; fileEncoding = 4; lastKnownFileType = sourcecode.swift; path = "URL+CreateFile.swift"; sourceTree = "<group>"; };
		C24A0456C8DD1ACFB4ED747D /* VLCService.swift */ = {isa = PBXFileReference; fileEncoding = 4; lastKnownFileType = sourcecode.swift; path = VLCService.swift; sourceTree = "<group>"; };
		C24A055F29385C58CA898CBD /* SettingsError.swift */ = {isa = PBXFileReference; fileEncoding = 4; lastKnownFileType = sourcecode.swift; path = SettingsError.swift; sourceTree = "<group>"; };
		C24A058953D06A1BC9346945 /* SampleType.swift */ = {isa = PBXFileReference; fileEncoding = 4; lastKnownFileType = sourcecode.swift; path = SampleType.swift; sourceTree = "<group>"; };
		C24A05B6F07EAB9C1885259C /* SkipConfig.swift */ = {isa = PBXFileReference; fileEncoding = 4; lastKnownFileType = sourcecode.swift; path = SkipConfig.swift; sourceTree = "<group>"; };
		C24A0601B5F4FEB031DE4A3B /* SampleError.swift */ = {isa = PBXFileReference; fileEncoding = 4; lastKnownFileType = sourcecode.swift; path = SampleError.swift; sourceTree = "<group>"; };
		C24A06A2CF9F0D45AB68410F /* ScanError.swift */ = {isa = PBXFileReference; fileEncoding = 4; lastKnownFileType = sourcecode.swift; path = ScanError.swift; sourceTree = "<group>"; };
		C24A06C74E6BC20A3A376114 /* ChapterService.swift */ = {isa = PBXFileReference; fileEncoding = 4; lastKnownFileType = sourcecode.swift; path = ChapterService.swift; sourceTree = "<group>"; };
		C24A06D7BEE3DFB46D0A0E71 /* SkipStatus.swift */ = {isa = PBXFileReference; fileEncoding = 4; lastKnownFileType = sourcecode.swift; path = SkipStatus.swift; sourceTree = "<group>"; };
		C24A06F56749B01BA413485F /* SettingsViewModel.swift */ = {isa = PBXFileReference; fileEncoding = 4; lastKnownFileType = sourcecode.swift; path = SettingsViewModel.swift; sourceTree = "<group>"; };
		C24A06F935446ABAA9DD3E87 /* AppError.swift */ = {isa = PBXFileReference; fileEncoding = 4; lastKnownFileType = sourcecode.swift; path = AppError.swift; sourceTree = "<group>"; };
		C24A06FF198B3B7FDB31A7DB /* SkipSessionStatus.swift */ = {isa = PBXFileReference; fileEncoding = 4; lastKnownFileType = sourcecode.swift; path = SkipSessionStatus.swift; sourceTree = "<group>"; };
		C24A070501BCA97ED4101408 /* SampleServiceError.swift */ = {isa = PBXFileReference; fileEncoding = 4; lastKnownFileType = sourcecode.swift; path = SampleServiceError.swift; sourceTree = "<group>"; };
		C24A0709263C4C519CFB02F6 /* String+Truncated.swift */ = {isa = PBXFileReference; fileEncoding = 4; lastKnownFileType = sourcecode.swift; path = "String+Truncated.swift"; sourceTree = "<group>"; };
		C24A07125ABA0A16D73F331F /* SampleService.swift */ = {isa = PBXFileReference; fileEncoding = 4; lastKnownFileType = sourcecode.swift; path = SampleService.swift; sourceTree = "<group>"; };
		C24A0777F3B898877D981547 /* AgentState.swift */ = {isa = PBXFileReference; fileEncoding = 4; lastKnownFileType = sourcecode.swift; path = AgentState.swift; sourceTree = "<group>"; };
		C24A07C840F26E1DEAB05418 /* SamplesError.swift */ = {isa = PBXFileReference; fileEncoding = 4; lastKnownFileType = sourcecode.swift; path = SamplesError.swift; sourceTree = "<group>"; };
		C24A07D16DA8FDD461D9EC7D /* VLCError+Description.swift */ = {isa = PBXFileReference; fileEncoding = 4; lastKnownFileType = sourcecode.swift; path = "VLCError+Description.swift"; sourceTree = "<group>"; };
		C24A087D85D9AB65014D9120 /* SampleProxy.swift */ = {isa = PBXFileReference; fileEncoding = 4; lastKnownFileType = sourcecode.swift; path = SampleProxy.swift; sourceTree = "<group>"; };
		C24A08CB48E7057A5F5B799F /* String+DecodeHTML.swift */ = {isa = PBXFileReference; fileEncoding = 4; lastKnownFileType = sourcecode.swift; path = "String+DecodeHTML.swift"; sourceTree = "<group>"; };
		C24A09B60DBC11E61317CC6F /* ChapterStore.swift */ = {isa = PBXFileReference; fileEncoding = 4; lastKnownFileType = sourcecode.swift; path = ChapterStore.swift; sourceTree = "<group>"; };
		C24A09C939354F4D1398E1B1 /* ShellService.swift */ = {isa = PBXFileReference; fileEncoding = 4; lastKnownFileType = sourcecode.swift; path = ShellService.swift; sourceTree = "<group>"; };
		C24A0A099D9D0ED6E7734EEA /* URLSession+SyncTask.swift */ = {isa = PBXFileReference; fileEncoding = 4; lastKnownFileType = sourcecode.swift; path = "URLSession+SyncTask.swift"; sourceTree = "<group>"; };
		C24A0AC6B4F31458E4CFE1F8 /* String+ReplaceLastOccurrence.swift */ = {isa = PBXFileReference; fileEncoding = 4; lastKnownFileType = sourcecode.swift; path = "String+ReplaceLastOccurrence.swift"; sourceTree = "<group>"; };
		C24A0AC9B01481D2881B6E8F /* Sequence+Async.swift */ = {isa = PBXFileReference; fileEncoding = 4; lastKnownFileType = sourcecode.swift; path = "Sequence+Async.swift"; sourceTree = "<group>"; };
		C24A0B06C9C5D3341A4F0012 /* SavesServiceError.swift */ = {isa = PBXFileReference; fileEncoding = 4; lastKnownFileType = sourcecode.swift; path = SavesServiceError.swift; sourceTree = "<group>"; };
		C24A0B413878839B92DB1453 /* ScanStatus.swift */ = {isa = PBXFileReference; fileEncoding = 4; lastKnownFileType = sourcecode.swift; path = ScanStatus.swift; sourceTree = "<group>"; };
		C24A0B67DA624E516362A0B3 /* Chapter.swift */ = {isa = PBXFileReference; fileEncoding = 4; lastKnownFileType = sourcecode.swift; path = Chapter.swift; sourceTree = "<group>"; };
		C24A0B890C913BE5AAC8BB98 /* Data+Bytes.swift */ = {isa = PBXFileReference; fileEncoding = 4; lastKnownFileType = sourcecode.swift; path = "Data+Bytes.swift"; sourceTree = "<group>"; };
		C24A0BBA2EC084EAA765D99F /* ConfigEntry.swift */ = {isa = PBXFileReference; fileEncoding = 4; lastKnownFileType = sourcecode.swift; path = ConfigEntry.swift; sourceTree = "<group>"; };
		C24A0C1790CE29E7E4308211 /* Sample.swift */ = {isa = PBXFileReference; fileEncoding = 4; lastKnownFileType = sourcecode.swift; path = Sample.swift; sourceTree = "<group>"; };
		C24A0C5EEFD5FCD9870911D9 /* README.md */ = {isa = PBXFileReference; fileEncoding = 4; lastKnownFileType = net.daringfireball.markdown; path = README.md; sourceTree = "<group>"; };
		C24A0C8425C9240A50C56854 /* FFMPEGServiceError.swift */ = {isa = PBXFileReference; fileEncoding = 4; lastKnownFileType = sourcecode.swift; path = FFMPEGServiceError.swift; sourceTree = "<group>"; };
		C24A0CBE7E4CCF06910DBED1 /* SampleStore.swift */ = {isa = PBXFileReference; fileEncoding = 4; lastKnownFileType = sourcecode.swift; path = SampleStore.swift; sourceTree = "<group>"; };
		C24A0CC2EED81F1A9E1D2C2D /* SaveFile.swift */ = {isa = PBXFileReference; fileEncoding = 4; lastKnownFileType = sourcecode.swift; path = SaveFile.swift; sourceTree = "<group>"; };
		C24A0D3EFDCB51AAEF25D286 /* VLCApi.swift */ = {isa = PBXFileReference; fileEncoding = 4; lastKnownFileType = sourcecode.swift; path = VLCApi.swift; sourceTree = "<group>"; };
		C24A0DDB8C71DAC6778183EB /* SMAppService+Status.swift */ = {isa = PBXFileReference; fileEncoding = 4; lastKnownFileType = sourcecode.swift; path = "SMAppService+Status.swift"; sourceTree = "<group>"; };
		C24A0E8C2A173970FA4BB9FE /* .gitignore */ = {isa = PBXFileReference; lastKnownFileType = file.gitignore; path = .gitignore; sourceTree = "<group>"; };
		C24A0EFF251A844D0F14C75C /* SettingsKey.swift */ = {isa = PBXFileReference; fileEncoding = 4; lastKnownFileType = sourcecode.swift; path = SettingsKey.swift; sourceTree = "<group>"; };
		C24A0F0D6721CC9CCC7862CD /* SaveFileStore.swift */ = {isa = PBXFileReference; fileEncoding = 4; lastKnownFileType = sourcecode.swift; path = SaveFileStore.swift; sourceTree = "<group>"; };
		C24A0F2D672651A8C6AC359C /* NSImage+MenuBarConfiguration.swift */ = {isa = PBXFileReference; fileEncoding = 4; lastKnownFileType = sourcecode.swift; path = "NSImage+MenuBarConfiguration.swift"; sourceTree = "<group>"; };
		C24A0F88C8B3C741793FCC39 /* UserDefault.swift */ = {isa = PBXFileReference; fileEncoding = 4; lastKnownFileType = sourcecode.swift; path = UserDefault.swift; sourceTree = "<group>"; };
		C24A0FC84BE08AF81C422724 /* ScanMode.swift */ = {isa = PBXFileReference; fileEncoding = 4; lastKnownFileType = sourcecode.swift; path = ScanMode.swift; sourceTree = "<group>"; };
		C24A0FC8B5AA4C5EA082601B /* VLCShell.swift */ = {isa = PBXFileReference; fileEncoding = 4; lastKnownFileType = sourcecode.swift; path = VLCShell.swift; sourceTree = "<group>"; };
		C24A0FF85895EE37D26C3F2E /* VLCServiceError.swift */ = {isa = PBXFileReference; fileEncoding = 4; lastKnownFileType = sourcecode.swift; path = VLCServiceError.swift; sourceTree = "<group>"; };
		D10972C32A48A368004905C9 /* SaveFileService.swift */ = {isa = PBXFileReference; lastKnownFileType = sourcecode.swift; path = SaveFileService.swift; sourceTree = "<group>"; };
		D1302EC829C62D3E005D4A10 /* VSkipper.app */ = {isa = PBXFileReference; explicitFileType = wrapper.application; includeInIndex = 0; path = VSkipper.app; sourceTree = BUILT_PRODUCTS_DIR; };
		D1302ECB29C62D3E005D4A10 /* VSkipperApp.swift */ = {isa = PBXFileReference; lastKnownFileType = sourcecode.swift; path = VSkipperApp.swift; sourceTree = "<group>"; };
		D1302ECF29C62D40005D4A10 /* Assets.xcassets */ = {isa = PBXFileReference; lastKnownFileType = folder.assetcatalog; path = Assets.xcassets; sourceTree = "<group>"; };
		D1302ED229C62D40005D4A10 /* Preview Assets.xcassets */ = {isa = PBXFileReference; lastKnownFileType = folder.assetcatalog; path = "Preview Assets.xcassets"; sourceTree = "<group>"; };
		D1302ED429C62D40005D4A10 /* VSkipper.entitlements */ = {isa = PBXFileReference; lastKnownFileType = text.plist.entitlements; path = VSkipper.entitlements; sourceTree = "<group>"; };
		D1302EE629C62F8F005D4A10 /* io.yokata.VSkipperAgent.plist */ = {isa = PBXFileReference; lastKnownFileType = text.plist.xml; path = io.yokata.VSkipperAgent.plist; sourceTree = "<group>"; };
		D1302EF129C633BA005D4A10 /* VSkipperAgent */ = {isa = PBXFileReference; explicitFileType = "compiled.mach-o.executable"; includeInIndex = 0; path = VSkipperAgent; sourceTree = BUILT_PRODUCTS_DIR; };
		D1302EF329C633BA005D4A10 /* main.swift */ = {isa = PBXFileReference; lastKnownFileType = sourcecode.swift; path = main.swift; sourceTree = "<group>"; };
		D1302EFC29C67E5A005D4A10 /* MenuBarView.swift */ = {isa = PBXFileReference; lastKnownFileType = sourcecode.swift; path = MenuBarView.swift; sourceTree = "<group>"; };
		D1302EFE29C68E93005D4A10 /* SettingsView.swift */ = {isa = PBXFileReference; lastKnownFileType = sourcecode.swift; path = SettingsView.swift; sourceTree = "<group>"; };
		D13496A729CD447A00D1076E /* VSkipperAgent-Bridging-Header.h */ = {isa = PBXFileReference; lastKnownFileType = sourcecode.c.h; path = "VSkipperAgent-Bridging-Header.h"; sourceTree = "<group>"; };
		D13496A829CD447A00D1076E /* ServerCallback.m */ = {isa = PBXFileReference; lastKnownFileType = sourcecode.c.objc; path = ServerCallback.m; sourceTree = "<group>"; };
		D13496AA29CD449E00D1076E /* ServerCallback.h */ = {isa = PBXFileReference; lastKnownFileType = sourcecode.c.h; path = ServerCallback.h; sourceTree = "<group>"; };
		D13496AB29CD44C000D1076E /* Server.swift */ = {isa = PBXFileReference; lastKnownFileType = sourcecode.swift; path = Server.swift; sourceTree = "<group>"; };
		D13F9AED29F6AC5C00DF8744 /* SamplesListView.swift */ = {isa = PBXFileReference; lastKnownFileType = sourcecode.swift; path = SamplesListView.swift; sourceTree = "<group>"; };
		D161D9242A067731002B9099 /* ChaptersView.swift */ = {isa = PBXFileReference; lastKnownFileType = sourcecode.swift; path = ChaptersView.swift; sourceTree = "<group>"; };
		D177C5E329C77C33007453EC /* SamplesView.swift */ = {isa = PBXFileReference; lastKnownFileType = sourcecode.swift; path = SamplesView.swift; sourceTree = "<group>"; };
		D177C5E929C7A5BC007453EC /* TextWithPopover.swift */ = {isa = PBXFileReference; lastKnownFileType = sourcecode.swift; path = TextWithPopover.swift; sourceTree = "<group>"; };
		D1DAE62429C8081D00801796 /* ScanView.swift */ = {isa = PBXFileReference; lastKnownFileType = sourcecode.swift; path = ScanView.swift; sourceTree = "<group>"; };
		D1DAE62629C8889900801796 /* FixedPicker.swift */ = {isa = PBXFileReference; lastKnownFileType = sourcecode.swift; path = FixedPicker.swift; sourceTree = "<group>"; };
		D1DAE62829C8A05E00801796 /* FilePicker.swift */ = {isa = PBXFileReference; lastKnownFileType = sourcecode.swift; path = FilePicker.swift; sourceTree = "<group>"; };
		D1DAE62A29C8B0F000801796 /* ScanViewProgressInfo.swift */ = {isa = PBXFileReference; lastKnownFileType = sourcecode.swift; path = ScanViewProgressInfo.swift; sourceTree = "<group>"; };
		D1DAE62C29C8CE2600801796 /* SkipView.swift */ = {isa = PBXFileReference; lastKnownFileType = sourcecode.swift; path = SkipView.swift; sourceTree = "<group>"; };
/* End PBXFileReference section */

/* Begin PBXFrameworksBuildPhase section */
		D1302EC529C62D3D005D4A10 /* Frameworks */ = {
			isa = PBXFrameworksBuildPhase;
			buildActionMask = 2147483647;
			files = (
				D177C5E729C77CB9007453EC /* ChromaSwift in Frameworks */,
				D1302F1129C73C48005D4A10 /* XMLCoder in Frameworks */,
			);
			runOnlyForDeploymentPostprocessing = 0;
		};
		D1302EEE29C633BA005D4A10 /* Frameworks */ = {
			isa = PBXFrameworksBuildPhase;
			buildActionMask = 2147483647;
			files = (
				D1302F1429C73C5B005D4A10 /* XMLCoder in Frameworks */,
			);
			runOnlyForDeploymentPostprocessing = 0;
		};
/* End PBXFrameworksBuildPhase section */

/* Begin PBXGroup section */
		C24A03DD667E29973CBC54D6 /* Services */ = {
			isa = PBXGroup;
			children = (
				C24A0456C8DD1ACFB4ED747D /* VLCService.swift */,
				C24A01DCC77F4C4261F0407A /* FFMPEGService.swift */,
				C24A09C939354F4D1398E1B1 /* ShellService.swift */,
			);
			path = Services;
			sourceTree = "<group>";
		};
		C24A051D8DDB9ED1294D7768 /* Util Views */ = {
			isa = PBXGroup;
			children = (
			);
			path = "Util Views";
			sourceTree = "<group>";
		};
		C24A054B7BDEFEEE2E43B9AA /* Extensions */ = {
			isa = PBXGroup;
			children = (
				C24A0F2D672651A8C6AC359C /* NSImage+MenuBarConfiguration.swift */,
				C24A0709263C4C519CFB02F6 /* String+Truncated.swift */,
				C24A0DDB8C71DAC6778183EB /* SMAppService+Status.swift */,
				C24A0B890C913BE5AAC8BB98 /* Data+Bytes.swift */,
				C24A028ADF1826C0F15A1026 /* View+OnlyCloseButton.swift */,
				C24A02581033FC1FEAA6212F /* URL+Create.swift */,
				C24A040D227ED59F1BB49475 /* URL+CreateFile.swift */,
				C24A0F05F5B89CBE0A0E5A4C /* Proxy */,
				C24A0AC9B01481D2881B6E8F /* Sequence+Async.swift */,
				C24A0AC6B4F31458E4CFE1F8 /* String+ReplaceLastOccurrence.swift */,
			);
			path = Extensions;
			sourceTree = "<group>";
		};
		C24A0773C2B11F158E25DFA6 /* Models */ = {
			isa = PBXGroup;
			children = (
				C24A05B6F07EAB9C1885259C /* SkipConfig.swift */,
				C24A08997A274CA4D08DEE87 /* Enums */,
				C24A0AB0A296ECD6730D0FFA /* Errors */,
			);
			path = Models;
			sourceTree = "<group>";
		};
		C24A08997A274CA4D08DEE87 /* Enums */ = {
			isa = PBXGroup;
			children = (
				C24A06FF198B3B7FDB31A7DB /* SkipSessionStatus.swift */,
			);
			path = Enums;
			sourceTree = "<group>";
		};
		C24A093FA43B65499A138173 /* Enums */ = {
			isa = PBXGroup;
			children = (
				C24A0FC84BE08AF81C422724 /* ScanMode.swift */,
				C24A02005EF47D0B4C7F7388 /* FilePickerMode.swift */,
				C24A0B413878839B92DB1453 /* ScanStatus.swift */,
				C24A058953D06A1BC9346945 /* SampleType.swift */,
				C24A0EFF251A844D0F14C75C /* SettingsKey.swift */,
			);
			path = Enums;
			sourceTree = "<group>";
		};
		C24A0971FEB603B020AA3873 /* Extensions */ = {
			isa = PBXGroup;
			children = (
				C24A0A099D9D0ED6E7734EEA /* URLSession+SyncTask.swift */,
				C24A0112A518E012A927E8AE /* String+Base64.swift */,
				C24A07D16DA8FDD461D9EC7D /* VLCError+Description.swift */,
				C24A08CB48E7057A5F5B799F /* String+DecodeHTML.swift */,
			);
			path = Extensions;
			sourceTree = "<group>";
		};
		C24A0AB0A296ECD6730D0FFA /* Errors */ = {
			isa = PBXGroup;
			children = (
				C24A004A50AC9F7550216367 /* VLCError.swift */,
			);
			path = Errors;
			sourceTree = "<group>";
		};
		C24A0B1F10B95AE3E8D784F6 /* Models */ = {
			isa = PBXGroup;
			children = (
				C24A00F30EBCF9BC0F9410A5 /* AppWindowType.swift */,
				C24A0D2D5719E869CB1CAFEC /* Protocols */,
				C24A093FA43B65499A138173 /* Enums */,
				C24A0CC2EED81F1A9E1D2C2D /* SaveFile.swift */,
				C24A03C11831CD3E0D3720CA /* APP.swift */,
				C24A0E0DCE9C4D9B5EF8439B /* Errors */,
				C24A0C1790CE29E7E4308211 /* Sample.swift */,
				C24A0CBE7E4CCF06910DBED1 /* SampleStore.swift */,
				C24A07125ABA0A16D73F331F /* SampleService.swift */,
				C24A0C35A5AD4050B96CB974 /* Property Wrappers */,
				C24A09B60DBC11E61317CC6F /* ChapterStore.swift */,
				C24A0B67DA624E516362A0B3 /* Chapter.swift */,
				C24A06C74E6BC20A3A376114 /* ChapterService.swift */,
				C24A03427DFFE614E45E4E76 /* ChapterEncoded.swift */,
				C24A0132A071D53CD524F63F /* ScanStore.swift */,
				C24A0BBA2EC084EAA765D99F /* ConfigEntry.swift */,
				D10972C32A48A368004905C9 /* SaveFileService.swift */,
				C24A0F0D6721CC9CCC7862CD /* SaveFileStore.swift */,
			);
			path = Models;
			sourceTree = "<group>";
		};
		C24A0C35A5AD4050B96CB974 /* Property Wrappers */ = {
			isa = PBXGroup;
			children = (
				C24A0F88C8B3C741793FCC39 /* UserDefault.swift */,
			);
			path = "Property Wrappers";
			sourceTree = "<group>";
		};
		C24A0D2D5719E869CB1CAFEC /* Protocols */ = {
			isa = PBXGroup;
			children = (
				C24A031D0AD16AC2AADCA534 /* PickerSelectable.swift */,
			);
			path = Protocols;
			sourceTree = "<group>";
		};
		C24A0E0DCE9C4D9B5EF8439B /* Errors */ = {
			isa = PBXGroup;
			children = (
				C24A06A2CF9F0D45AB68410F /* ScanError.swift */,
				C24A07C840F26E1DEAB05418 /* SamplesError.swift */,
				C24A055F29385C58CA898CBD /* SettingsError.swift */,
				C24A06F935446ABAA9DD3E87 /* AppError.swift */,
				C24A070501BCA97ED4101408 /* SampleServiceError.swift */,
				C24A0FF85895EE37D26C3F2E /* VLCServiceError.swift */,
				C24A0C8425C9240A50C56854 /* FFMPEGServiceError.swift */,
				C24A0601B5F4FEB031DE4A3B /* SampleError.swift */,
				C24A0B06C9C5D3341A4F0012 /* SavesServiceError.swift */,
			);
			path = Errors;
			sourceTree = "<group>";
		};
		C24A0E36A496C1AD6D308D81 /* Views */ = {
			isa = PBXGroup;
			children = (
				D1302EFC29C67E5A005D4A10 /* MenuBarView.swift */,
				D1302EFE29C68E93005D4A10 /* SettingsView.swift */,
				D177C5E329C77C33007453EC /* SamplesView.swift */,
				D1DAE62429C8081D00801796 /* ScanView.swift */,
				D1DAE62A29C8B0F000801796 /* ScanViewProgressInfo.swift */,
				D1DAE62C29C8CE2600801796 /* SkipView.swift */,
				D13F9AED29F6AC5C00DF8744 /* SamplesListView.swift */,
				D161D9242A067731002B9099 /* ChaptersView.swift */,
			);
			path = Views;
			sourceTree = "<group>";
		};
		C24A0F05F5B89CBE0A0E5A4C /* Proxy */ = {
			isa = PBXGroup;
			children = (
				C24A087D85D9AB65014D9120 /* SampleProxy.swift */,
			);
			path = Proxy;
			sourceTree = "<group>";
		};
		C24A0F7B90BD28CF8426663E /* View Models */ = {
			isa = PBXGroup;
			children = (
				C24A06F56749B01BA413485F /* SettingsViewModel.swift */,
				C24A0113A90DC0ABAF0110F9 /* SamplesViewModel.swift */,
				C24A02F4E211C6E984F78B02 /* ScanViewModel.swift */,
				C24A0340E9EA37DDB848C316 /* AppViewModel.swift */,
			);
			path = "View Models";
			sourceTree = "<group>";
		};
		D1302EBF29C62D3D005D4A10 = {
			isa = PBXGroup;
			children = (
				D1302F0D29C73BAB005D4A10 /* VSkipperCommon */,
				D1302ECA29C62D3E005D4A10 /* VSkipper */,
				D1302EF229C633BA005D4A10 /* VSkipperAgent */,
				D1302EC929C62D3E005D4A10 /* Products */,
				D1302F1229C73C5B005D4A10 /* Frameworks */,
				C24A0E8C2A173970FA4BB9FE /* .gitignore */,
				C24A0C5EEFD5FCD9870911D9 /* README.md */,
			);
			sourceTree = "<group>";
		};
		D1302EC929C62D3E005D4A10 /* Products */ = {
			isa = PBXGroup;
			children = (
				D1302EC829C62D3E005D4A10 /* VSkipper.app */,
				D1302EF129C633BA005D4A10 /* VSkipperAgent */,
			);
			name = Products;
			sourceTree = "<group>";
		};
		D1302ECA29C62D3E005D4A10 /* VSkipper */ = {
			isa = PBXGroup;
			children = (
				D177C5E829C7A528007453EC /* Component Views */,
				D1302EE529C62F48005D4A10 /* Agent Properties */,
				D1302ECB29C62D3E005D4A10 /* VSkipperApp.swift */,
				D1302ECF29C62D40005D4A10 /* Assets.xcassets */,
				D1302ED429C62D40005D4A10 /* VSkipper.entitlements */,
				D1302ED129C62D40005D4A10 /* Preview Content */,
				C24A0F7B90BD28CF8426663E /* View Models */,
				C24A0E36A496C1AD6D308D81 /* Views */,
				C24A0B1F10B95AE3E8D784F6 /* Models */,
				C24A054B7BDEFEEE2E43B9AA /* Extensions */,
				C24A051D8DDB9ED1294D7768 /* Util Views */,
				C24A03DD667E29973CBC54D6 /* Services */,
			);
			path = VSkipper;
			sourceTree = "<group>";
		};
		D1302ED129C62D40005D4A10 /* Preview Content */ = {
			isa = PBXGroup;
			children = (
				D1302ED229C62D40005D4A10 /* Preview Assets.xcassets */,
			);
			path = "Preview Content";
			sourceTree = "<group>";
		};
		D1302EE529C62F48005D4A10 /* Agent Properties */ = {
			isa = PBXGroup;
			children = (
				D1302EE629C62F8F005D4A10 /* io.yokata.VSkipperAgent.plist */,
			);
			path = "Agent Properties";
			sourceTree = "<group>";
		};
		D1302EF229C633BA005D4A10 /* VSkipperAgent */ = {
			isa = PBXGroup;
			children = (
				D13496AD29CD45DD00D1076E /* Models */,
				D13496A629CD439B00D1076E /* Message server */,
				D1302EF329C633BA005D4A10 /* main.swift */,
			);
			path = VSkipperAgent;
			sourceTree = "<group>";
		};
		D1302F0D29C73BAB005D4A10 /* VSkipperCommon */ = {
			isa = PBXGroup;
			children = (
				C24A0D3EFDCB51AAEF25D286 /* VLCApi.swift */,
				C24A0971FEB603B020AA3873 /* Extensions */,
				C24A0FC8B5AA4C5EA082601B /* VLCShell.swift */,
				C24A0773C2B11F158E25DFA6 /* Models */,
			);
			path = VSkipperCommon;
			sourceTree = "<group>";
		};
		D1302F1229C73C5B005D4A10 /* Frameworks */ = {
			isa = PBXGroup;
			children = (
			);
			name = Frameworks;
			sourceTree = "<group>";
		};
		D13496A629CD439B00D1076E /* Message server */ = {
			isa = PBXGroup;
			children = (
				D13496A829CD447A00D1076E /* ServerCallback.m */,
				D13496A729CD447A00D1076E /* VSkipperAgent-Bridging-Header.h */,
				D13496AA29CD449E00D1076E /* ServerCallback.h */,
				D13496AB29CD44C000D1076E /* Server.swift */,
			);
			path = "Message server";
			sourceTree = "<group>";
		};
		D13496AD29CD45DD00D1076E /* Models */ = {
			isa = PBXGroup;
			children = (
				C24A0777F3B898877D981547 /* AgentState.swift */,
				C24A03F1447F28353E2C4E18 /* AgentStateType.swift */,
				C24A06D7BEE3DFB46D0A0E71 /* SkipStatus.swift */,
			);
			path = Models;
			sourceTree = "<group>";
		};
		D177C5E829C7A528007453EC /* Component Views */ = {
			isa = PBXGroup;
			children = (
				D177C5E929C7A5BC007453EC /* TextWithPopover.swift */,
				D1DAE62629C8889900801796 /* FixedPicker.swift */,
				D1DAE62829C8A05E00801796 /* FilePicker.swift */,
			);
			path = "Component Views";
			sourceTree = "<group>";
		};
/* End PBXGroup section */

/* Begin PBXNativeTarget section */
		D1302EC729C62D3D005D4A10 /* VSkipper */ = {
			isa = PBXNativeTarget;
			buildConfigurationList = D1302ED729C62D40005D4A10 /* Build configuration list for PBXNativeTarget "VSkipper" */;
			buildPhases = (
				D1302EC429C62D3D005D4A10 /* Sources */,
				D1302EC529C62D3D005D4A10 /* Frameworks */,
				D1302EC629C62D3D005D4A10 /* Resources */,
				D1302EE829C62FB8005D4A10 /* Copy Helper Plist */,
				D1302EEA29C63030005D4A10 /* Embed Helper Tools */,
			);
			buildRules = (
			);
			dependencies = (
			);
			name = VSkipper;
			packageProductDependencies = (
				D1302F1029C73C48005D4A10 /* XMLCoder */,
				D177C5E629C77CB9007453EC /* ChromaSwift */,
			);
			productName = VSkipper;
			productReference = D1302EC829C62D3E005D4A10 /* VSkipper.app */;
			productType = "com.apple.product-type.application";
		};
		D1302EF029C633BA005D4A10 /* VSkipperAgent */ = {
			isa = PBXNativeTarget;
			buildConfigurationList = D1302EF529C633BA005D4A10 /* Build configuration list for PBXNativeTarget "VSkipperAgent" */;
			buildPhases = (
				D1302EED29C633BA005D4A10 /* Sources */,
				D1302EEE29C633BA005D4A10 /* Frameworks */,
				D1302EEF29C633BA005D4A10 /* CopyFiles */,
			);
			buildRules = (
			);
			dependencies = (
			);
			name = VSkipperAgent;
			packageProductDependencies = (
				D1302F1329C73C5B005D4A10 /* XMLCoder */,
			);
			productName = VSkipperAgent;
			productReference = D1302EF129C633BA005D4A10 /* VSkipperAgent */;
			productType = "com.apple.product-type.tool";
		};
/* End PBXNativeTarget section */

/* Begin PBXProject section */
		D1302EC029C62D3D005D4A10 /* Project object */ = {
			isa = PBXProject;
			attributes = {
				BuildIndependentTargetsInParallel = 1;
				LastSwiftUpdateCheck = 1420;
				LastUpgradeCheck = 1420;
				TargetAttributes = {
					D1302EC729C62D3D005D4A10 = {
						CreatedOnToolsVersion = 14.2;
					};
					D1302EF029C633BA005D4A10 = {
						CreatedOnToolsVersion = 14.2;
						LastSwiftMigration = 1420;
					};
				};
			};
			buildConfigurationList = D1302EC329C62D3D005D4A10 /* Build configuration list for PBXProject "VSkipper" */;
			compatibilityVersion = "Xcode 14.0";
			developmentRegion = en;
			hasScannedForEncodings = 0;
			knownRegions = (
				en,
				Base,
			);
			mainGroup = D1302EBF29C62D3D005D4A10;
			packageReferences = (
				D1302F0F29C73C48005D4A10 /* XCRemoteSwiftPackageReference "XMLCoder" */,
				D177C5E529C77CB9007453EC /* XCRemoteSwiftPackageReference "ChromaSwift" */,
			);
			productRefGroup = D1302EC929C62D3E005D4A10 /* Products */;
			projectDirPath = "";
			projectRoot = "";
			targets = (
				D1302EC729C62D3D005D4A10 /* VSkipper */,
				D1302EF029C633BA005D4A10 /* VSkipperAgent */,
			);
		};
/* End PBXProject section */

/* Begin PBXResourcesBuildPhase section */
		D1302EC629C62D3D005D4A10 /* Resources */ = {
			isa = PBXResourcesBuildPhase;
			buildActionMask = 2147483647;
			files = (
				D1302ED329C62D40005D4A10 /* Preview Assets.xcassets in Resources */,
				D1302ED029C62D40005D4A10 /* Assets.xcassets in Resources */,
			);
			runOnlyForDeploymentPostprocessing = 0;
		};
/* End PBXResourcesBuildPhase section */

/* Begin PBXSourcesBuildPhase section */
		D1302EC429C62D3D005D4A10 /* Sources */ = {
			isa = PBXSourcesBuildPhase;
			buildActionMask = 2147483647;
			files = (
				D1302EFF29C68E93005D4A10 /* SettingsView.swift in Sources */,
				D1DAE62529C8081D00801796 /* ScanView.swift in Sources */,
				D1302ECC29C62D3E005D4A10 /* VSkipperApp.swift in Sources */,
				C24A0C83672C5C2D829AC9AA /* SettingsViewModel.swift in Sources */,
				D1302EFD29C67E5A005D4A10 /* MenuBarView.swift in Sources */,
				D1DAE62B29C8B0F000801796 /* ScanViewProgressInfo.swift in Sources */,
				D177C5E429C77C33007453EC /* SamplesView.swift in Sources */,
				C24A07A24F24A41B24FE7E99 /* NSImage+MenuBarConfiguration.swift in Sources */,
				D1DAE62929C8A05E00801796 /* FilePicker.swift in Sources */,
				D161D9252A067731002B9099 /* ChaptersView.swift in Sources */,
				C24A0F9CFEDE74AF2D8DDC7D /* AppWindowType.swift in Sources */,
				C24A0B3533275692B90F9695 /* VLCApi.swift in Sources */,
				C24A02DEFA6BE8B344DC3889 /* URLSession+SyncTask.swift in Sources */,
				C24A0779FB6D35BD06C38A04 /* String+Base64.swift in Sources */,
				D177C5EA29C7A5BC007453EC /* TextWithPopover.swift in Sources */,
				C24A049A79569F5CE7B06021 /* VLCError+Description.swift in Sources */,
				D1DAE62729C8889900801796 /* FixedPicker.swift in Sources */,
				C24A0E621509843FB771F126 /* SamplesViewModel.swift in Sources */,
				C24A0471EF05616A94992E33 /* String+DecodeHTML.swift in Sources */,
				C24A02B98EF1779031199AE4 /* String+Truncated.swift in Sources */,
				C24A0C057CDB6F4BA5C39D81 /* VLCShell.swift in Sources */,
				C24A048C2C890A38CAE9E64D /* ScanViewModel.swift in Sources */,
				D1DAE62D29C8CE2600801796 /* SkipView.swift in Sources */,
				C24A0FFD887A243435333E3C /* PickerSelectable.swift in Sources */,
				C24A0993D10589964FF8582F /* ScanMode.swift in Sources */,
				C24A06D2FE5C269C93985435 /* FilePickerMode.swift in Sources */,
				D10972C42A48A368004905C9 /* SaveFileService.swift in Sources */,
				C24A00292F85FFD8FA45D77B /* SaveFile.swift in Sources */,
				C24A04C60B6BC79FC1A132AC /* SkipConfig.swift in Sources */,
				C24A03E7C53D2E28B1925BDA /* SkipSessionStatus.swift in Sources */,
				C24A0B4722E6188882129C82 /* AppViewModel.swift in Sources */,
				C24A08DD9AC10FAABF36CC2B /* APP.swift in Sources */,
				C24A0D03B65A8AC28B8F0AD6 /* ScanError.swift in Sources */,
				C24A0E1E8E206D7253E9F4B0 /* ScanStatus.swift in Sources */,
				C24A04E4B98A0553554E4D12 /* SampleType.swift in Sources */,
				C24A0C617325FBFDC5B053EB /* SamplesError.swift in Sources */,
				D13F9AEE29F6AC5C00DF8744 /* SamplesListView.swift in Sources */,
				C24A055CFE744A8F6308647E /* SettingsKey.swift in Sources */,
				C24A0878FC75295F1C40A213 /* SettingsError.swift in Sources */,
				C24A0078AF0CD1DAB67610A6 /* VLCError.swift in Sources */,
				C24A09140282572A90CF0203 /* SMAppService+Status.swift in Sources */,
				C24A058D809A07A80F9C51D9 /* Data+Bytes.swift in Sources */,
				C24A053CFD6F1B4199A78E26 /* AppError.swift in Sources */,
				C24A05C1EEE68B552ADE7E85 /* View+OnlyCloseButton.swift in Sources */,
				C24A06F554926697602A29A3 /* Sample.swift in Sources */,
				C24A0DBC1A40C313005ACDE6 /* SampleStore.swift in Sources */,
				C24A0B873B39060093F2368D /* SampleService.swift in Sources */,
				C24A0B191C41DEEA9DA2D819 /* SampleServiceError.swift in Sources */,
				C24A0E28C18ABFF675F08AFC /* URL+Create.swift in Sources */,
				C24A0557FE11AE785373A99B /* UserDefault.swift in Sources */,
				C24A0C467875F7FA2925EA9D /* ChapterStore.swift in Sources */,
				C24A0B08ABDF53D987A7B1EE /* Chapter.swift in Sources */,
				C24A0E3C6A52EE96D8F391F5 /* ChapterService.swift in Sources */,
				C24A0BF4B8E083E6CBD3A3C5 /* ChapterEncoded.swift in Sources */,
				C24A00DC1066E5B6E4164C16 /* URL+CreateFile.swift in Sources */,
				C24A0DC402A0B191FD0EAED9 /* VLCService.swift in Sources */,
				C24A08BC8F4F0015E2BDB3BB /* VLCServiceError.swift in Sources */,
				C24A021E9AE682C04D58C27B /* SampleProxy.swift in Sources */,
				C24A09340F5B947A10C50F49 /* FFMPEGService.swift in Sources */,
				C24A0C84F0F7D5BFAE360277 /* ShellService.swift in Sources */,
				C24A0C716FB98D4AB507C2C7 /* FFMPEGServiceError.swift in Sources */,
				C24A0DADB99E6DF8F199A2E3 /* SampleError.swift in Sources */,
				C24A0CBCEC77BBF4D4C56CB9 /* Sequence+Async.swift in Sources */,
				C24A010006634FA3FE33AC6C /* ScanStore.swift in Sources */,
				C24A0D88D3D56870011EA7D9 /* ConfigEntry.swift in Sources */,
				C24A0CD2DDD7BC8FAF0895FA /* String+ReplaceLastOccurrence.swift in Sources */,
				C24A06C49AB1B58B392DF11B /* SavesServiceError.swift in Sources */,
				C24A0DFD57CACC407FFFD899 /* SaveFileStore.swift in Sources */,
			);
			runOnlyForDeploymentPostprocessing = 0;
		};
		D1302EED29C633BA005D4A10 /* Sources */ = {
			isa = PBXSourcesBuildPhase;
			buildActionMask = 2147483647;
			files = (
				D1302F1729C74F91005D4A10 /* URLSession+SyncTask.swift in Sources */,
				D1302F0E29C73C14005D4A10 /* VLCApi.swift in Sources */,
				D13496A929CD447A00D1076E /* ServerCallback.m in Sources */,
				D1302F1529C74F91005D4A10 /* String+Base64.swift in Sources */,
				D1302EF429C633BA005D4A10 /* main.swift in Sources */,
				D1302F1629C74F91005D4A10 /* VLCError+Description.swift in Sources */,
				C24A06063C93BBD93CB37134 /* String+DecodeHTML.swift in Sources */,
				C24A041EAB0C33ADA4727F38 /* VLCShell.swift in Sources */,
				C24A09B1F6C2DBDCA5F64359 /* SkipConfig.swift in Sources */,
				C24A084223EA6E4886C35ADA /* SkipSessionStatus.swift in Sources */,
				D13496AC29CD44C000D1076E /* Server.swift in Sources */,
				C24A049B927B0A3D55AC62BD /* VLCError.swift in Sources */,
				C24A02B914229B03580CE0AB /* AgentState.swift in Sources */,
				C24A02083FFF97749925E6A3 /* AgentStateType.swift in Sources */,
				C24A04DE51DAA625CA8B1491 /* SkipStatus.swift in Sources */,
			);
			runOnlyForDeploymentPostprocessing = 0;
		};
/* End PBXSourcesBuildPhase section */

/* Begin XCBuildConfiguration section */
		D1302ED529C62D40005D4A10 /* Debug */ = {
			isa = XCBuildConfiguration;
			buildSettings = {
				ALWAYS_SEARCH_USER_PATHS = NO;
				CLANG_ANALYZER_NONNULL = YES;
				CLANG_ANALYZER_NUMBER_OBJECT_CONVERSION = YES_AGGRESSIVE;
				CLANG_CXX_LANGUAGE_STANDARD = "gnu++20";
				CLANG_ENABLE_MODULES = YES;
				CLANG_ENABLE_OBJC_ARC = YES;
				CLANG_ENABLE_OBJC_WEAK = YES;
				CLANG_WARN_BLOCK_CAPTURE_AUTORELEASING = YES;
				CLANG_WARN_BOOL_CONVERSION = YES;
				CLANG_WARN_COMMA = YES;
				CLANG_WARN_CONSTANT_CONVERSION = YES;
				CLANG_WARN_DEPRECATED_OBJC_IMPLEMENTATIONS = YES;
				CLANG_WARN_DIRECT_OBJC_ISA_USAGE = YES_ERROR;
				CLANG_WARN_DOCUMENTATION_COMMENTS = YES;
				CLANG_WARN_EMPTY_BODY = YES;
				CLANG_WARN_ENUM_CONVERSION = YES;
				CLANG_WARN_INFINITE_RECURSION = YES;
				CLANG_WARN_INT_CONVERSION = YES;
				CLANG_WARN_NON_LITERAL_NULL_CONVERSION = YES;
				CLANG_WARN_OBJC_IMPLICIT_RETAIN_SELF = YES;
				CLANG_WARN_OBJC_LITERAL_CONVERSION = YES;
				CLANG_WARN_OBJC_ROOT_CLASS = YES_ERROR;
				CLANG_WARN_QUOTED_INCLUDE_IN_FRAMEWORK_HEADER = YES;
				CLANG_WARN_RANGE_LOOP_ANALYSIS = YES;
				CLANG_WARN_STRICT_PROTOTYPES = YES;
				CLANG_WARN_SUSPICIOUS_MOVE = YES;
				CLANG_WARN_UNGUARDED_AVAILABILITY = YES_AGGRESSIVE;
				CLANG_WARN_UNREACHABLE_CODE = YES;
				CLANG_WARN__DUPLICATE_METHOD_MATCH = YES;
				COPY_PHASE_STRIP = NO;
				DEBUG_INFORMATION_FORMAT = dwarf;
				ENABLE_STRICT_OBJC_MSGSEND = YES;
				ENABLE_TESTABILITY = YES;
				GCC_C_LANGUAGE_STANDARD = gnu11;
				GCC_DYNAMIC_NO_PIC = NO;
				GCC_NO_COMMON_BLOCKS = YES;
				GCC_OPTIMIZATION_LEVEL = 0;
				GCC_PREPROCESSOR_DEFINITIONS = (
					"DEBUG=1",
					"$(inherited)",
				);
				GCC_WARN_64_TO_32_BIT_CONVERSION = YES;
				GCC_WARN_ABOUT_RETURN_TYPE = YES_ERROR;
				GCC_WARN_UNDECLARED_SELECTOR = YES;
				GCC_WARN_UNINITIALIZED_AUTOS = YES_AGGRESSIVE;
				GCC_WARN_UNUSED_FUNCTION = YES;
				GCC_WARN_UNUSED_VARIABLE = YES;
				MACOSX_DEPLOYMENT_TARGET = 13.1;
				MTL_ENABLE_DEBUG_INFO = INCLUDE_SOURCE;
				MTL_FAST_MATH = YES;
				ONLY_ACTIVE_ARCH = YES;
				SDKROOT = macosx;
				SWIFT_ACTIVE_COMPILATION_CONDITIONS = DEBUG;
				SWIFT_OPTIMIZATION_LEVEL = "-Onone";
			};
			name = Debug;
		};
		D1302ED629C62D40005D4A10 /* Release */ = {
			isa = XCBuildConfiguration;
			buildSettings = {
				ALWAYS_SEARCH_USER_PATHS = NO;
				CLANG_ANALYZER_NONNULL = YES;
				CLANG_ANALYZER_NUMBER_OBJECT_CONVERSION = YES_AGGRESSIVE;
				CLANG_CXX_LANGUAGE_STANDARD = "gnu++20";
				CLANG_ENABLE_MODULES = YES;
				CLANG_ENABLE_OBJC_ARC = YES;
				CLANG_ENABLE_OBJC_WEAK = YES;
				CLANG_WARN_BLOCK_CAPTURE_AUTORELEASING = YES;
				CLANG_WARN_BOOL_CONVERSION = YES;
				CLANG_WARN_COMMA = YES;
				CLANG_WARN_CONSTANT_CONVERSION = YES;
				CLANG_WARN_DEPRECATED_OBJC_IMPLEMENTATIONS = YES;
				CLANG_WARN_DIRECT_OBJC_ISA_USAGE = YES_ERROR;
				CLANG_WARN_DOCUMENTATION_COMMENTS = YES;
				CLANG_WARN_EMPTY_BODY = YES;
				CLANG_WARN_ENUM_CONVERSION = YES;
				CLANG_WARN_INFINITE_RECURSION = YES;
				CLANG_WARN_INT_CONVERSION = YES;
				CLANG_WARN_NON_LITERAL_NULL_CONVERSION = YES;
				CLANG_WARN_OBJC_IMPLICIT_RETAIN_SELF = YES;
				CLANG_WARN_OBJC_LITERAL_CONVERSION = YES;
				CLANG_WARN_OBJC_ROOT_CLASS = YES_ERROR;
				CLANG_WARN_QUOTED_INCLUDE_IN_FRAMEWORK_HEADER = YES;
				CLANG_WARN_RANGE_LOOP_ANALYSIS = YES;
				CLANG_WARN_STRICT_PROTOTYPES = YES;
				CLANG_WARN_SUSPICIOUS_MOVE = YES;
				CLANG_WARN_UNGUARDED_AVAILABILITY = YES_AGGRESSIVE;
				CLANG_WARN_UNREACHABLE_CODE = YES;
				CLANG_WARN__DUPLICATE_METHOD_MATCH = YES;
				COPY_PHASE_STRIP = NO;
				DEBUG_INFORMATION_FORMAT = "dwarf-with-dsym";
				ENABLE_NS_ASSERTIONS = NO;
				ENABLE_STRICT_OBJC_MSGSEND = YES;
				GCC_C_LANGUAGE_STANDARD = gnu11;
				GCC_NO_COMMON_BLOCKS = YES;
				GCC_WARN_64_TO_32_BIT_CONVERSION = YES;
				GCC_WARN_ABOUT_RETURN_TYPE = YES_ERROR;
				GCC_WARN_UNDECLARED_SELECTOR = YES;
				GCC_WARN_UNINITIALIZED_AUTOS = YES_AGGRESSIVE;
				GCC_WARN_UNUSED_FUNCTION = YES;
				GCC_WARN_UNUSED_VARIABLE = YES;
				MACOSX_DEPLOYMENT_TARGET = 13.1;
				MTL_ENABLE_DEBUG_INFO = NO;
				MTL_FAST_MATH = YES;
				SDKROOT = macosx;
				SWIFT_COMPILATION_MODE = wholemodule;
				SWIFT_OPTIMIZATION_LEVEL = "-O";
			};
			name = Release;
		};
		D1302ED829C62D40005D4A10 /* Debug */ = {
			isa = XCBuildConfiguration;
			buildSettings = {
				ASSETCATALOG_COMPILER_APPICON_NAME = AppIcon;
				ASSETCATALOG_COMPILER_GLOBAL_ACCENT_COLOR_NAME = AccentColor;
				CODE_SIGN_ENTITLEMENTS = VSkipper/VSkipper.entitlements;
				CODE_SIGN_STYLE = Automatic;
				COMBINE_HIDPI_IMAGES = YES;
				CURRENT_PROJECT_VERSION = 1;
				DEVELOPMENT_ASSET_PATHS = "\"VSkipper/Preview Content\"";
				DEVELOPMENT_TEAM = V9YLYRNPXC;
				ENABLE_HARDENED_RUNTIME = YES;
				ENABLE_PREVIEWS = YES;
				GENERATE_INFOPLIST_FILE = YES;
				INFOPLIST_KEY_CFBundleDisplayName = VSkipper;
				INFOPLIST_KEY_LSApplicationCategoryType = "public.app-category.utilities";
				INFOPLIST_KEY_LSUIElement = YES;
				INFOPLIST_KEY_NSHumanReadableCopyright = "";
				LD_RUNPATH_SEARCH_PATHS = (
					"$(inherited)",
					"@executable_path/../Frameworks",
				);
				MARKETING_VERSION = 0.3.4;
				PRODUCT_BUNDLE_IDENTIFIER = io.yokata.VSkipper;
				PRODUCT_NAME = "$(TARGET_NAME)";
				SWIFT_EMIT_LOC_STRINGS = YES;
				SWIFT_VERSION = 5.0;
			};
			name = Debug;
		};
		D1302ED929C62D40005D4A10 /* Release */ = {
			isa = XCBuildConfiguration;
			buildSettings = {
				ASSETCATALOG_COMPILER_APPICON_NAME = AppIcon;
				ASSETCATALOG_COMPILER_GLOBAL_ACCENT_COLOR_NAME = AccentColor;
				CODE_SIGN_ENTITLEMENTS = VSkipper/VSkipper.entitlements;
				CODE_SIGN_STYLE = Automatic;
				COMBINE_HIDPI_IMAGES = YES;
				CURRENT_PROJECT_VERSION = 1;
				DEVELOPMENT_ASSET_PATHS = "\"VSkipper/Preview Content\"";
				DEVELOPMENT_TEAM = V9YLYRNPXC;
				ENABLE_HARDENED_RUNTIME = YES;
				ENABLE_PREVIEWS = YES;
				GENERATE_INFOPLIST_FILE = YES;
				INFOPLIST_KEY_CFBundleDisplayName = VSkipper;
				INFOPLIST_KEY_LSApplicationCategoryType = "public.app-category.utilities";
				INFOPLIST_KEY_LSUIElement = YES;
				INFOPLIST_KEY_NSHumanReadableCopyright = "";
				LD_RUNPATH_SEARCH_PATHS = (
					"$(inherited)",
					"@executable_path/../Frameworks",
				);
				MARKETING_VERSION = 0.3.4;
				PRODUCT_BUNDLE_IDENTIFIER = io.yokata.VSkipper;
				PRODUCT_NAME = "$(TARGET_NAME)";
				SWIFT_EMIT_LOC_STRINGS = YES;
				SWIFT_VERSION = 5.0;
			};
			name = Release;
		};
		D1302EF629C633BA005D4A10 /* Debug */ = {
			isa = XCBuildConfiguration;
			buildSettings = {
				CLANG_ENABLE_MODULES = YES;
				CODE_SIGN_STYLE = Automatic;
				DEVELOPMENT_TEAM = V9YLYRNPXC;
				ENABLE_HARDENED_RUNTIME = YES;
				LD_RUNPATH_SEARCH_PATHS = (
					"$(inherited)",
					"@executable_path/../Frameworks",
					"@loader_path/../Frameworks",
				);
				PRODUCT_BUNDLE_IDENTIFIER = io.yokata.VSkipper.VSkipperAgent;
				PRODUCT_NAME = "$(TARGET_NAME)";
				SKIP_INSTALL = YES;
				SWIFT_OBJC_BRIDGING_HEADER = "VSkipperAgent/Message server/VSkipperAgent-Bridging-Header.h";
				SWIFT_OPTIMIZATION_LEVEL = "-Onone";
				SWIFT_VERSION = 5.0;
			};
			name = Debug;
		};
		D1302EF729C633BA005D4A10 /* Release */ = {
			isa = XCBuildConfiguration;
			buildSettings = {
				CLANG_ENABLE_MODULES = YES;
				CODE_SIGN_STYLE = Automatic;
				DEVELOPMENT_TEAM = V9YLYRNPXC;
				ENABLE_HARDENED_RUNTIME = YES;
				LD_RUNPATH_SEARCH_PATHS = (
					"$(inherited)",
					"@executable_path/../Frameworks",
					"@loader_path/../Frameworks",
				);
				PRODUCT_BUNDLE_IDENTIFIER = io.yokata.VSkipper.VSkipperAgent;
				PRODUCT_NAME = "$(TARGET_NAME)";
				SKIP_INSTALL = YES;
				SWIFT_OBJC_BRIDGING_HEADER = "VSkipperAgent/Message server/VSkipperAgent-Bridging-Header.h";
				SWIFT_VERSION = 5.0;
			};
			name = Release;
		};
/* End XCBuildConfiguration section */

/* Begin XCConfigurationList section */
		D1302EC329C62D3D005D4A10 /* Build configuration list for PBXProject "VSkipper" */ = {
			isa = XCConfigurationList;
			buildConfigurations = (
				D1302ED529C62D40005D4A10 /* Debug */,
				D1302ED629C62D40005D4A10 /* Release */,
			);
			defaultConfigurationIsVisible = 0;
			defaultConfigurationName = Release;
		};
		D1302ED729C62D40005D4A10 /* Build configuration list for PBXNativeTarget "VSkipper" */ = {
			isa = XCConfigurationList;
			buildConfigurations = (
				D1302ED829C62D40005D4A10 /* Debug */,
				D1302ED929C62D40005D4A10 /* Release */,
			);
			defaultConfigurationIsVisible = 0;
			defaultConfigurationName = Release;
		};
		D1302EF529C633BA005D4A10 /* Build configuration list for PBXNativeTarget "VSkipperAgent" */ = {
			isa = XCConfigurationList;
			buildConfigurations = (
				D1302EF629C633BA005D4A10 /* Debug */,
				D1302EF729C633BA005D4A10 /* Release */,
			);
			defaultConfigurationIsVisible = 0;
			defaultConfigurationName = Release;
		};
/* End XCConfigurationList section */

/* Begin XCRemoteSwiftPackageReference section */
		D1302F0F29C73C48005D4A10 /* XCRemoteSwiftPackageReference "XMLCoder" */ = {
			isa = XCRemoteSwiftPackageReference;
			repositoryURL = "https://github.com/CoreOffice/XMLCoder.git";
			requirement = {
				branch = main;
				kind = branch;
			};
		};
		D177C5E529C77CB9007453EC /* XCRemoteSwiftPackageReference "ChromaSwift" */ = {
			isa = XCRemoteSwiftPackageReference;
			repositoryURL = "https://github.com/wallisch/ChromaSwift";
			requirement = {
				branch = master;
				kind = branch;
			};
		};
/* End XCRemoteSwiftPackageReference section */

/* Begin XCSwiftPackageProductDependency section */
		D1302F1029C73C48005D4A10 /* XMLCoder */ = {
			isa = XCSwiftPackageProductDependency;
			package = D1302F0F29C73C48005D4A10 /* XCRemoteSwiftPackageReference "XMLCoder" */;
			productName = XMLCoder;
		};
		D1302F1329C73C5B005D4A10 /* XMLCoder */ = {
			isa = XCSwiftPackageProductDependency;
			package = D1302F0F29C73C48005D4A10 /* XCRemoteSwiftPackageReference "XMLCoder" */;
			productName = XMLCoder;
		};
		D177C5E629C77CB9007453EC /* ChromaSwift */ = {
			isa = XCSwiftPackageProductDependency;
			package = D177C5E529C77CB9007453EC /* XCRemoteSwiftPackageReference "ChromaSwift" */;
			productName = ChromaSwift;
		};
/* End XCSwiftPackageProductDependency section */
	};
	rootObject = D1302EC029C62D3D005D4A10 /* Project object */;
}
